
Microsoft Visual Studio Solution File, Format Version 12.00
# Visual Studio Version 16
VisualStudioVersion = 16.0.30523.141
MinimumVisualStudioVersion = 10.0.40219.1
Project("{FAE04EC0-301F-11D3-BF4B-00C04F79EFBC}") = "ConsoleApp4", "ConsoleApp4\ConsoleApp4.csproj", "{4D5BE5D0-3B02-49F8-A8FD-E425CF8833E8}"
EndProject
Project("{FAE04EC0-301F-11D3-BF4B-00C04F79EFBC}") = "dotNet5781-00_5055_1872", "dotNet5781-00_5055_1872\dotNet5781-00_5055_1872.csproj", "{9A620319-C182-4F69-BAAC-62289055FA21}"
EndProject
Global
	GlobalSection(SolutionConfigurationPlatforms) = preSolution
		Debug|Any CPU = Debug|Any CPU
		Release|Any CPU = Release|Any CPU
	EndGlobalSection
	GlobalSection(ProjectConfigurationPlatforms) = postSolution
		{4D5BE5D0-3B02-49F8-A8FD-E425CF8833E8}.Debug|Any CPU.ActiveCfg = Debug|Any CPU
		{4D5BE5D0-3B02-49F8-A8FD-E425CF8833E8}.Debug|Any CPU.Build.0 = Debug|Any CPU
		{4D5BE5D0-3B02-49F8-A8FD-E425CF8833E8}.Release|Any CPU.ActiveCfg = Release|Any CPU
		{4D5BE5D0-3B02-49F8-A8FD-E425CF8833E8}.Release|Any CPU.Build.0 = Release|Any CPU
		{9A620319-C182-4F69-BAAC-62289055FA21}.Debug|Any CPU.ActiveCfg = Debug|Any CPU
		{9A620319-C182-4F69-BAAC-62289055FA21}.Debug|Any CPU.Build.0 = Debug|Any CPU
		{9A620319-C182-4F69-BAAC-62289055FA21}.Release|Any CPU.ActiveCfg = Release|Any CPU
		{9A620319-C182-4F69-BAAC-62289055FA21}.Release|Any CPU.Build.0 = Release|Any CPU
	EndGlobalSection
	GlobalSection(SolutionProperties) = preSolution
		HideSolutionNode = FALSE
	EndGlobalSection
	GlobalSection(ExtensibilityGlobals) = postSolution
		SolutionGuid = {D4E7581D-F318-47FE-8402-06EA92B29B22}
	EndGlobalSection
EndGlobal
